
Microsoft Visual Studio Solution File, Format Version 12.00
# Visual Studio Version 17
VisualStudioVersion = 17.8.34322.80
MinimumVisualStudioVersion = 10.0.40219.1
Project("{FAE04EC0-301F-11D3-BF4B-00C04F79EFBC}") = "3. Primary Diagonal", "3. Primary Diagonal\3. Primary Diagonal.csproj", "{6823E24B-60CB-4D08-B3E7-1BF34A58EEB9}"
EndProject
Global
	GlobalSection(SolutionConfigurationPlatforms) = preSolution
		Debug|Any CPU = Debug|Any CPU
		Release|Any CPU = Release|Any CPU
	EndGlobalSection
	GlobalSection(ProjectConfigurationPlatforms) = postSolution
		{6823E24B-60CB-4D08-B3E7-1BF34A58EEB9}.Debug|Any CPU.ActiveCfg = Debug|Any CPU
		{6823E24B-60CB-4D08-B3E7-1BF34A58EEB9}.Debug|Any CPU.Build.0 = Debug|Any CPU
		{6823E24B-60CB-4D08-B3E7-1BF34A58EEB9}.Release|Any CPU.ActiveCfg = Release|Any CPU
		{6823E24B-60CB-4D08-B3E7-1BF34A58EEB9}.Release|Any CPU.Build.0 = Release|Any CPU
	EndGlobalSection
	GlobalSection(SolutionProperties) = preSolution
		HideSolutionNode = FALSE
	EndGlobalSection
	GlobalSection(ExtensibilityGlobals) = postSolution
		SolutionGuid = {B0720CF8-E50B-4919-9EA9-FC1EFA88D668}
	EndGlobalSection
EndGlobal
